Microsoft Visual Studio Solution File, Format Version 12.00
# Visual Studio Version 17
VisualStudioVersion = 17.8.34511.84
MinimumVisualStudioVersion = 10.0.40219.1
Project("{9A19103F-16F7-4668-BE54-9A1E7A4F7556}") = "fonoteca", "fonoteca\fonoteca.csproj", "{6B8E9807-A0E3-423B-A1D6-D128C1FB34AE}"
EndProject
Project("{C7167F0D-BC9F-4E6E-AFE1-012C56B48DB5}") = "fonotecaPackageWindows", "fonotecaPackageWindows\fonotecaPackageWindows.wapproj", "{5C04989B-1012-4C41-9A04-AB9183421E7A}"
EndProject
Global
	GlobalSection(SolutionConfigurationPlatforms) = preSolution
		Debug|Any CPU = Debug|Any CPU
		Debug|ARM = Debug|ARM
		Debug|ARM64 = Debug|ARM64
		Debug|iPhone = Debug|iPhone
		Debug|iPhoneSimulator = Debug|iPhoneSimulator
		Debug|x64 = Debug|x64
		Debug|x86 = Debug|x86
		Release|Any CPU = Release|Any CPU
		Release|ARM = Release|ARM
		Release|ARM64 = Release|ARM64
		Release|iPhone = Release|iPhone
		Release|iPhoneSimulator = Release|iPhoneSimulator
		Release|x64 = Release|x64
		Release|x86 = Release|x86
	EndGlobalSection
	GlobalSection(ProjectConfigurationPlatforms) = postSolution
		{6B8E9807-A0E3-423B-A1D6-D128C1FB34AE}.Debug|Any CPU.ActiveCfg = Debug|Any CPU
		{6B8E9807-A0E3-423B-A1D6-D128C1FB34AE}.Debug|Any CPU.Build.0 = Debug|Any CPU
		{6B8E9807-A0E3-423B-A1D6-D128C1FB34AE}.Debug|Any CPU.Deploy.0 = Debug|Any CPU
		{6B8E9807-A0E3-423B-A1D6-D128C1FB34AE}.Debug|ARM.ActiveCfg = Debug|Any CPU
		{6B8E9807-A0E3-423B-A1D6-D128C1FB34AE}.Debug|ARM.Build.0 = Debug|Any CPU
		{6B8E9807-A0E3-423B-A1D6-D128C1FB34AE}.Debug|ARM.Deploy.0 = Debug|Any CPU
		{6B8E9807-A0E3-423B-A1D6-D128C1FB34AE}.Debug|ARM64.ActiveCfg = Debug|Any CPU
		{6B8E9807-A0E3-423B-A1D6-D128C1FB34AE}.Debug|ARM64.Build.0 = Debug|Any CPU
		{6B8E9807-A0E3-423B-A1D6-D128C1FB34AE}.Debug|ARM64.Deploy.0 = Debug|Any CPU
		{6B8E9807-A0E3-423B-A1D6-D128C1FB34AE}.Debug|iPhone.ActiveCfg = Debug|Any CPU
		{6B8E9807-A0E3-423B-A1D6-D128C1FB34AE}.Debug|iPhone.Build.0 = Debug|Any CPU
		{6B8E9807-A0E3-423B-A1D6-D128C1FB34AE}.Debug|iPhone.Deploy.0 = Debug|Any CPU
		{6B8E9807-A0E3-423B-A1D6-D128C1FB34AE}.Debug|iPhoneSimulator.ActiveCfg = Debug|Any CPU
		{6B8E9807-A0E3-423B-A1D6-D128C1FB34AE}.Debug|iPhoneSimulator.Build.0 = Debug|Any CPU
		{6B8E9807-A0E3-423B-A1D6-D128C1FB34AE}.Debug|iPhoneSimulator.Deploy.0 = Debug|Any CPU
		{6B8E9807-A0E3-423B-A1D6-D128C1FB34AE}.Debug|x64.ActiveCfg = Debug|Any CPU
		{6B8E9807-A0E3-423B-A1D6-D128C1FB34AE}.Debug|x64.Build.0 = Debug|Any CPU
		{6B8E9807-A0E3-423B-A1D6-D128C1FB34AE}.Debug|x64.Deploy.0 = Debug|Any CPU
		{6B8E9807-A0E3-423B-A1D6-D128C1FB34AE}.Debug|x86.ActiveCfg = Debug|Any CPU
		{6B8E9807-A0E3-423B-A1D6-D128C1FB34AE}.Debug|x86.Build.0 = Debug|Any CPU
		{6B8E9807-A0E3-423B-A1D6-D128C1FB34AE}.Debug|x86.Deploy.0 = Debug|Any CPU
		{6B8E9807-A0E3-423B-A1D6-D128C1FB34AE}.Release|Any CPU.ActiveCfg = Release|Any CPU
		{6B8E9807-A0E3-423B-A1D6-D128C1FB34AE}.Release|Any CPU.Build.0 = Release|Any CPU
		{6B8E9807-A0E3-423B-A1D6-D128C1FB34AE}.Release|Any CPU.Deploy.0 = Release|Any CPU
		{6B8E9807-A0E3-423B-A1D6-D128C1FB34AE}.Release|ARM.ActiveCfg = Release|Any CPU
		{6B8E9807-A0E3-423B-A1D6-D128C1FB34AE}.Release|ARM.Build.0 = Release|Any CPU
		{6B8E9807-A0E3-423B-A1D6-D128C1FB34AE}.Release|ARM.Deploy.0 = Release|Any CPU
		{6B8E9807-A0E3-423B-A1D6-D128C1FB34AE}.Release|ARM64.ActiveCfg = Release|Any CPU
		{6B8E9807-A0E3-423B-A1D6-D128C1FB34AE}.Release|ARM64.Build.0 = Release|Any CPU
		{6B8E9807-A0E3-423B-A1D6-D128C1FB34AE}.Release|ARM64.Deploy.0 = Release|Any CPU
		{6B8E9807-A0E3-423B-A1D6-D128C1FB34AE}.Release|iPhone.ActiveCfg = Release|Any CPU
		{6B8E9807-A0E3-423B-A1D6-D128C1FB34AE}.Release|iPhone.Build.0 = Release|Any CPU
		{6B8E9807-A0E3-423B-A1D6-D128C1FB34AE}.Release|iPhone.Deploy.0 = Release|Any CPU
		{6B8E9807-A0E3-423B-A1D6-D128C1FB34AE}.Release|iPhoneSimulator.ActiveCfg = Release|Any CPU
		{6B8E9807-A0E3-423B-A1D6-D128C1FB34AE}.Release|iPhoneSimulator.Build.0 = Release|Any CPU
		{6B8E9807-A0E3-423B-A1D6-D128C1FB34AE}.Release|iPhoneSimulator.Deploy.0 = Release|Any CPU
		{6B8E9807-A0E3-423B-A1D6-D128C1FB34AE}.Release|x64.ActiveCfg = Release|Any CPU
		{6B8E9807-A0E3-423B-A1D6-D128C1FB34AE}.Release|x64.Build.0 = Release|Any CPU
		{6B8E9807-A0E3-423B-A1D6-D128C1FB34AE}.Release|x64.Deploy.0 = Release|Any CPU
		{6B8E9807-A0E3-423B-A1D6-D128C1FB34AE}.Release|x86.ActiveCfg = Release|Any CPU
		{6B8E9807-A0E3-423B-A1D6-D128C1FB34AE}.Release|x86.Build.0 = Release|Any CPU
		{6B8E9807-A0E3-423B-A1D6-D128C1FB34AE}.Release|x86.Deploy.0 = Release|Any CPU
		{5C04989B-1012-4C41-9A04-AB9183421E7A}.Debug|Any CPU.ActiveCfg = Debug|Any CPU
		{5C04989B-1012-4C41-9A04-AB9183421E7A}.Debug|Any CPU.Build.0 = Debug|Any CPU
		{5C04989B-1012-4C41-9A04-AB9183421E7A}.Debug|Any CPU.Deploy.0 = Debug|Any CPU
		{5C04989B-1012-4C41-9A04-AB9183421E7A}.Debug|ARM.ActiveCfg = Debug|ARM
		{5C04989B-1012-4C41-9A04-AB9183421E7A}.Debug|ARM.Build.0 = Debug|ARM
		{5C04989B-1012-4C41-9A04-AB9183421E7A}.Debug|ARM.Deploy.0 = Debug|ARM
		{5C04989B-1012-4C41-9A04-AB9183421E7A}.Debug|ARM64.ActiveCfg = Debug|ARM64
		{5C04989B-1012-4C41-9A04-AB9183421E7A}.Debug|ARM64.Build.0 = Debug|ARM64
		{5C04989B-1012-4C41-9A04-AB9183421E7A}.Debug|ARM64.Deploy.0 = Debug|ARM64
		{5C04989B-1012-4C41-9A04-AB9183421E7A}.Debug|iPhone.ActiveCfg = Debug|Any CPU
		{5C04989B-1012-4C41-9A04-AB9183421E7A}.Debug|iPhone.Build.0 = Debug|Any CPU
		{5C04989B-1012-4C41-9A04-AB9183421E7A}.Debug|iPhone.Deploy.0 = Debug|Any CPU
		{5C04989B-1012-4C41-9A04-AB9183421E7A}.Debug|iPhoneSimulator.ActiveCfg = Debug|Any CPU
		{5C04989B-1012-4C41-9A04-AB9183421E7A}.Debug|iPhoneSimulator.Build.0 = Debug|Any CPU
		{5C04989B-1012-4C41-9A04-AB9183421E7A}.Debug|iPhoneSimulator.Deploy.0 = Debug|Any CPU
		{5C04989B-1012-4C41-9A04-AB9183421E7A}.Debug|x64.ActiveCfg = Debug|x64
		{5C04989B-1012-4C41-9A04-AB9183421E7A}.Debug|x64.Build.0 = Debug|x64
		{5C04989B-1012-4C41-9A04-AB9183421E7A}.Debug|x64.Deploy.0 = Debug|x64
		{5C04989B-1012-4C41-9A04-AB9183421E7A}.Debug|x86.ActiveCfg = Debug|x86
		{5C04989B-1012-4C41-9A04-AB9183421E7A}.Debug|x86.Build.0 = Debug|x86
		{5C04989B-1012-4C41-9A04-AB9183421E7A}.Debug|x86.Deploy.0 = Debug|x86
		{5C04989B-1012-4C41-9A04-AB9183421E7A}.Release|Any CPU.ActiveCfg = Release|Any CPU
		{5C04989B-1012-4C41-9A04-AB9183421E7A}.Release|Any CPU.Build.0 = Release|Any CPU
		{5C04989B-1012-4C41-9A04-AB9183421E7A}.Release|Any CPU.Deploy.0 = Release|Any CPU
		{5C04989B-1012-4C41-9A04-AB9183421E7A}.Release|ARM.ActiveCfg = Release|ARM
		{5C04989B-1012-4C41-9A04-AB9183421E7A}.Release|ARM.Build.0 = Release|ARM
		{5C04989B-1012-4C41-9A04-AB9183421E7A}.Release|ARM.Deploy.0 = Release|ARM
		{5C04989B-1012-4C41-9A04-AB9183421E7A}.Release|ARM64.ActiveCfg = Release|ARM64
		{5C04989B-1012-4C41-9A04-AB9183421E7A}.Release|ARM64.Build.0 = Release|ARM64
		{5C04989B-1012-4C41-9A04-AB9183421E7A}.Release|ARM64.Deploy.0 = Release|ARM64
		{5C04989B-1012-4C41-9A04-AB9183421E7A}.Release|iPhone.ActiveCfg = Release|Any CPU
		{5C04989B-1012-4C41-9A04-AB9183421E7A}.Release|iPhone.Build.0 = Release|Any CPU
		{5C04989B-1012-4C41-9A04-AB9183421E7A}.Release|iPhone.Deploy.0 = Release|Any CPU
		{5C04989B-1012-4C41-9A04-AB9183421E7A}.Release|iPhoneSimulator.ActiveCfg = Release|Any CPU
		{5C04989B-1012-4C41-9A04-AB9183421E7A}.Release|iPhoneSimulator.Build.0 = Release|Any CPU
		{5C04989B-1012-4C41-9A04-AB9183421E7A}.Release|iPhoneSimulator.Deploy.0 = Release|Any CPU
		{5C04989B-1012-4C41-9A04-AB9183421E7A}.Release|x64.ActiveCfg = Release|x64
		{5C04989B-1012-4C41-9A04-AB9183421E7A}.Release|x64.Build.0 = Release|x64
		{5C04989B-1012-4C41-9A04-AB9183421E7A}.Release|x64.Deploy.0 = Release|x64
		{5C04989B-1012-4C41-9A04-AB9183421E7A}.Release|x86.ActiveCfg = Release|x86
		{5C04989B-1012-4C41-9A04-AB9183421E7A}.Release|x86.Build.0 = Release|x86
		{5C04989B-1012-4C41-9A04-AB9183421E7A}.Release|x86.Deploy.0 = Release|x86
	EndGlobalSection
	GlobalSection(SolutionProperties) = preSolution
		HideSolutionNode = FALSE
	EndGlobalSection
	GlobalSection(ExtensibilityGlobals) = postSolution
		SolutionGuid = {3696B823-DF68-49FC-9C8A-D96A9572384B}
	EndGlobalSection
EndGlobal
